[ "cowboy": {:git, "git://github.com/extend/cowboy.git", "d68b3de9d96dbe0fab56b78cdfeb699055446746", []},
  "dynamo": {:git, "git://github.com/elixir-lang/dynamo.git", "b2028411346ab95a468c5bda751cc4548c983a1b", []},
  "ecto": {:git, "git://github.com/elixir-lang/ecto.git", "68ed21171cdd10039e6095e4b5eab2701c5d02b4", []},
  "ex_doc": {:git, "https://github.com/elixir-lang/ex_doc.git", "4bc1e9af619fd98e51479cbe09157ff831b0d4e1", []},
  "exjson": {:git, "git://github.com/guedes/exjson.git", "9b90d3a328c5ae7421b992386c5d9cadf44609ac", []},
  "hackney": {:git, "git://github.com/benoitc/hackney.git", "6f9b403602371bc3d4aa0b67b1e253b105075bcf", []},
  "mimetypes": {:git, "git://github.com/spawngrid/mimetypes.git", "47d37a977a7d633199822bf6b08353007483d00f", []},
  "pgsql": {:git, "git://github.com/semiocast/pgsql.git", "2df33a2925e097aecf28eaefc5bb4c686f347c0e", []},
  "poolboy": {:git, "git://github.com/devinus/poolboy.git", "91b68de43d49bcccf2631016febda70b20d7aa75", []},
  "ranch": {:git, "git://github.com/extend/ranch.git", "41705752ffc7e3ecb96eef8374015ead4ca7f699", [{:ref, "0.8.5"}]} ]
