[ "cowboy": {:git, "git://github.com/extend/cowboy.git", "4a30198f9068cc989616c8088e4b890bc1de259d", []},
  "cowlib": {:git, "git://github.com/extend/cowlib.git", "2f35af5b0a67f591dde5ae4305a9587988a37c0c", [{:ref, "0.1.0"}]},
  "dynamo": {:git, "git://github.com/elixir-lang/dynamo.git", "5be7cff51bf2f54ada60a9b58b65195716c2d5ef", []},
  "ecto": {:git, "git://github.com/elixir-lang/ecto.git", "471cd6864a1460b46d8cdf425ab0fd2650f4573a", []},
  "ex_doc": {:git, "https://github.com/elixir-lang/ex_doc.git", "4bc1e9af619fd98e51479cbe09157ff831b0d4e1", []},
  "exjson": {:git, "git://github.com/guedes/exjson.git", "9b90d3a328c5ae7421b992386c5d9cadf44609ac", []},
  "hackney": {:git, "git://github.com/benoitc/hackney.git", "6f9b403602371bc3d4aa0b67b1e253b105075bcf", []},
  "mimetypes": {:git, "git://github.com/spawngrid/mimetypes.git", "47d37a977a7d633199822bf6b08353007483d00f", []},
  "pgsql": {:git, "git://github.com/semiocast/pgsql.git", "2df33a2925e097aecf28eaefc5bb4c686f347c0e", []},
  "poolboy": {:git, "git://github.com/devinus/poolboy.git", "91b68de43d49bcccf2631016febda70b20d7aa75", []},
  "ranch": {:git, "git://github.com/extend/ranch.git", "41705752ffc7e3ecb96eef8374015ead4ca7f699", [{:ref, "0.8.5"}]} ]
